Microsoft Visual Studio Solution File, Format Version 12.00
# Visual Studio 14
VisualStudioVersion = 14.0.25420.1
MinimumVisualStudioVersion = 10.0.40219.1
Project("{FAE04EC0-301F-11D3-BF4B-00C04F79EFBC}") = "NewsPicker.Shared", "NewsPicker.Shared\NewsPicker.Shared.csproj", "{266C1E17-7CBE-46A4-B378-9FD0B79FE851}"
EndProject
Project("{2150E333-8FDC-42A3-9474-1A3956D46DE8}") = "Shared", "Shared", "{4C4F36F8-AF85-4A54-923E-4FA9492D46DD}"
EndProject
Project("{FAE04EC0-301F-11D3-BF4B-00C04F79EFBC}") = "NewsPicker.Database", "NewsPicker.Database\NewsPicker.Database.csproj", "{10DE9CBB-67B2-4441-B67B-8377A4537BD0}"
EndProject
Project("{2150E333-8FDC-42A3-9474-1A3956D46DE8}") = "Toolkits", "Toolkits", "{0D8F2187-D9F0-4EF8-A57D-31D2242B0634}"
EndProject
Project("{2150E333-8FDC-42A3-9474-1A3956D46DE8}") = "Api", "Api", "{7A3E7683-CBBA-47C1-B4FF-7A8C7BC6CDE8}"
EndProject
Project("{FAE04EC0-301F-11D3-BF4B-00C04F79EFBC}") = "NewsPicker.Api", "NewsPicker.Api\NewsPicker.Api.csproj", "{1F68ACF2-E9DA-412E-89B0-969ED43DC868}"
EndProject
Project("{FAE04EC0-301F-11D3-BF4B-00C04F79EFBC}") = "NewsPicker.Api.Tests", "NewsPicker.Api.Tests\NewsPicker.Api.Tests.csproj", "{88F703D8-A09C-4AC1-A083-2A139A29C271}"
EndProject
Project("{2150E333-8FDC-42A3-9474-1A3956D46DE8}") = "Tests", "Tests", "{F4510DC7-6346-466D-ABC6-1F9F20C1BFC5}"
EndProject
Project("{2150E333-8FDC-42A3-9474-1A3956D46DE8}") = "WebJobs", "WebJobs", "{EC1E2E12-C936-49D5-AC12-C7874112727D}"
EndProject
Project("{2150E333-8FDC-42A3-9474-1A3956D46DE8}") = "Mobile", "Mobile", "{7BFAE459-5262-46BF-A370-50E5A1F7B422}"
EndProject
Project("{2150E333-8FDC-42A3-9474-1A3956D46DE8}") = "Web", "Web", "{E64AE3C3-D374-40D8-BD47-DFA811437A07}"
EndProject
Project("{FAE04EC0-301F-11D3-BF4B-00C04F79EFBC}") = "NewsPicker.Robot", "NewsPicker.Robot\NewsPicker.Robot.csproj", "{CDED1987-EC9C-481A-9CFD-6D287E0A7DC4}"
EndProject
Project("{FAE04EC0-301F-11D3-BF4B-00C04F79EFBC}") = "NewsPicker.Mobile", "NewsPicker.Mobile\NewsPicker.Mobile.csproj", "{5F66FAAD-4BCD-4E9D-AA6D-A3BB330C95E0}"
EndProject
Project("{FAE04EC0-301F-11D3-BF4B-00C04F79EFBC}") = "NewsPicker.Mobile.Droid", "NewsPicker.Mobile.Droid\NewsPicker.Mobile.Droid.csproj", "{22F20931-80D9-44A9-BD24-CD9AEE645A60}"
EndProject
Project("{FAE04EC0-301F-11D3-BF4B-00C04F79EFBC}") = "NewsPicker.Mobile.iOS", "NewsPicker.Mobile.iOS\NewsPicker.Mobile.iOS.csproj", "{3BECD2F0-1C1D-4564-AE05-DE6EF65250D4}"
EndProject
Project("{FAE04EC0-301F-11D3-BF4B-00C04F79EFBC}") = "NewsPicker.Mobile.UWP", "NewsPicker.Mobile.UWP\NewsPicker.Mobile.UWP.csproj", "{D129B486-ECAC-40D3-8CAD-7AD38068F3E6}"
EndProject
Project("{FAE04EC0-301F-11D3-BF4B-00C04F79EFBC}") = "NewsPicker.Web", "NewsPicker.Web\NewsPicker.Web.csproj", "{1C7A9914-8CDC-4075-9422-37BD0E51C076}"
EndProject
Project("{FAE04EC0-301F-11D3-BF4B-00C04F79EFBC}") = "XamarinToolkit", "..\XamarinToolkit\XamarinToolkit\XamarinToolkit.csproj", "{67F9D3A8-F71E-4428-913F-C37AE82CDB24}"
EndProject
Global
	GlobalSection(SolutionConfigurationPlatforms) = preSolution
		Ad-Hoc|Any CPU = Ad-Hoc|Any CPU
		Ad-Hoc|ARM = Ad-Hoc|ARM
		Ad-Hoc|iPhone = Ad-Hoc|iPhone
		Ad-Hoc|iPhoneSimulator = Ad-Hoc|iPhoneSimulator
		Ad-Hoc|x64 = Ad-Hoc|x64
		Ad-Hoc|x86 = Ad-Hoc|x86
		AppStore|Any CPU = AppStore|Any CPU
		AppStore|ARM = AppStore|ARM
		AppStore|iPhone = AppStore|iPhone
		AppStore|iPhoneSimulator = AppStore|iPhoneSimulator
		AppStore|x64 = AppStore|x64
		AppStore|x86 = AppStore|x86
		Debug|Any CPU = Debug|Any CPU
		Debug|ARM = Debug|ARM
		Debug|iPhone = Debug|iPhone
		Debug|iPhoneSimulator = Debug|iPhoneSimulator
		Debug|x64 = Debug|x64
		Debug|x86 = Debug|x86
		Release|Any CPU = Release|Any CPU
		Release|ARM = Release|ARM
		Release|iPhone = Release|iPhone
		Release|iPhoneSimulator = Release|iPhoneSimulator
		Release|x64 = Release|x64
		Release|x86 = Release|x86
	EndGlobalSection
	GlobalSection(ProjectConfigurationPlatforms) = postSolution
		{266C1E17-7CBE-46A4-B378-9FD0B79FE851}.Ad-Hoc|Any CPU.ActiveCfg = Release|Any CPU
		{266C1E17-7CBE-46A4-B378-9FD0B79FE851}.Ad-Hoc|Any CPU.Build.0 = Release|Any CPU
		{266C1E17-7CBE-46A4-B378-9FD0B79FE851}.Ad-Hoc|ARM.ActiveCfg = Release|Any CPU
		{266C1E17-7CBE-46A4-B378-9FD0B79FE851}.Ad-Hoc|ARM.Build.0 = Release|Any CPU
		{266C1E17-7CBE-46A4-B378-9FD0B79FE851}.Ad-Hoc|iPhone.ActiveCfg = Release|Any CPU
		{266C1E17-7CBE-46A4-B378-9FD0B79FE851}.Ad-Hoc|iPhone.Build.0 = Release|Any CPU
		{266C1E17-7CBE-46A4-B378-9FD0B79FE851}.Ad-Hoc|iPhoneSimulator.ActiveCfg = Release|Any CPU
		{266C1E17-7CBE-46A4-B378-9FD0B79FE851}.Ad-Hoc|iPhoneSimulator.Build.0 = Release|Any CPU
		{266C1E17-7CBE-46A4-B378-9FD0B79FE851}.Ad-Hoc|x64.ActiveCfg = Release|Any CPU
		{266C1E17-7CBE-46A4-B378-9FD0B79FE851}.Ad-Hoc|x64.Build.0 = Release|Any CPU
		{266C1E17-7CBE-46A4-B378-9FD0B79FE851}.Ad-Hoc|x86.ActiveCfg = Release|Any CPU
		{266C1E17-7CBE-46A4-B378-9FD0B79FE851}.Ad-Hoc|x86.Build.0 = Release|Any CPU
		{266C1E17-7CBE-46A4-B378-9FD0B79FE851}.AppStore|Any CPU.ActiveCfg = Release|Any CPU
		{266C1E17-7CBE-46A4-B378-9FD0B79FE851}.AppStore|Any CPU.Build.0 = Release|Any CPU
		{266C1E17-7CBE-46A4-B378-9FD0B79FE851}.AppStore|ARM.ActiveCfg = Release|Any CPU
		{266C1E17-7CBE-46A4-B378-9FD0B79FE851}.AppStore|ARM.Build.0 = Release|Any CPU
		{266C1E17-7CBE-46A4-B378-9FD0B79FE851}.AppStore|iPhone.ActiveCfg = Release|Any CPU
		{266C1E17-7CBE-46A4-B378-9FD0B79FE851}.AppStore|iPhone.Build.0 = Release|Any CPU
		{266C1E17-7CBE-46A4-B378-9FD0B79FE851}.AppStore|iPhoneSimulator.ActiveCfg = Release|Any CPU
		{266C1E17-7CBE-46A4-B378-9FD0B79FE851}.AppStore|iPhoneSimulator.Build.0 = Release|Any CPU
		{266C1E17-7CBE-46A4-B378-9FD0B79FE851}.AppStore|x64.ActiveCfg = Release|Any CPU
		{266C1E17-7CBE-46A4-B378-9FD0B79FE851}.AppStore|x64.Build.0 = Release|Any CPU
		{266C1E17-7CBE-46A4-B378-9FD0B79FE851}.AppStore|x86.ActiveCfg = Release|Any CPU
		{266C1E17-7CBE-46A4-B378-9FD0B79FE851}.AppStore|x86.Build.0 = Release|Any CPU
		{266C1E17-7CBE-46A4-B378-9FD0B79FE851}.Debug|Any CPU.ActiveCfg = Debug|Any CPU
		{266C1E17-7CBE-46A4-B378-9FD0B79FE851}.Debug|Any CPU.Build.0 = Debug|Any CPU
		{266C1E17-7CBE-46A4-B378-9FD0B79FE851}.Debug|ARM.ActiveCfg = Debug|Any CPU
		{266C1E17-7CBE-46A4-B378-9FD0B79FE851}.Debug|ARM.Build.0 = Debug|Any CPU
		{266C1E17-7CBE-46A4-B378-9FD0B79FE851}.Debug|iPhone.ActiveCfg = Debug|Any CPU
		{266C1E17-7CBE-46A4-B378-9FD0B79FE851}.Debug|iPhone.Build.0 = Debug|Any CPU
		{266C1E17-7CBE-46A4-B378-9FD0B79FE851}.Debug|iPhoneSimulator.ActiveCfg = Debug|Any CPU
		{266C1E17-7CBE-46A4-B378-9FD0B79FE851}.Debug|iPhoneSimulator.Build.0 = Debug|Any CPU
		{266C1E17-7CBE-46A4-B378-9FD0B79FE851}.Debug|x64.ActiveCfg = Debug|Any CPU
		{266C1E17-7CBE-46A4-B378-9FD0B79FE851}.Debug|x64.Build.0 = Debug|Any CPU
		{266C1E17-7CBE-46A4-B378-9FD0B79FE851}.Debug|x86.ActiveCfg = Debug|Any CPU
		{266C1E17-7CBE-46A4-B378-9FD0B79FE851}.Debug|x86.Build.0 = Debug|Any CPU
		{266C1E17-7CBE-46A4-B378-9FD0B79FE851}.Release|Any CPU.ActiveCfg = Release|Any CPU
		{266C1E17-7CBE-46A4-B378-9FD0B79FE851}.Release|Any CPU.Build.0 = Release|Any CPU
		{266C1E17-7CBE-46A4-B378-9FD0B79FE851}.Release|ARM.ActiveCfg = Release|Any CPU
		{266C1E17-7CBE-46A4-B378-9FD0B79FE851}.Release|ARM.Build.0 = Release|Any CPU
		{266C1E17-7CBE-46A4-B378-9FD0B79FE851}.Release|iPhone.ActiveCfg = Release|Any CPU
		{266C1E17-7CBE-46A4-B378-9FD0B79FE851}.Release|iPhone.Build.0 = Release|Any CPU
		{266C1E17-7CBE-46A4-B378-9FD0B79FE851}.Release|iPhoneSimulator.ActiveCfg = Release|Any CPU
		{266C1E17-7CBE-46A4-B378-9FD0B79FE851}.Release|iPhoneSimulator.Build.0 = Release|Any CPU
		{266C1E17-7CBE-46A4-B378-9FD0B79FE851}.Release|x64.ActiveCfg = Release|Any CPU
		{266C1E17-7CBE-46A4-B378-9FD0B79FE851}.Release|x64.Build.0 = Release|Any CPU
		{266C1E17-7CBE-46A4-B378-9FD0B79FE851}.Release|x86.ActiveCfg = Release|Any CPU
		{266C1E17-7CBE-46A4-B378-9FD0B79FE851}.Release|x86.Build.0 = Release|Any CPU
		{10DE9CBB-67B2-4441-B67B-8377A4537BD0}.Ad-Hoc|Any CPU.ActiveCfg = Release|Any CPU
		{10DE9CBB-67B2-4441-B67B-8377A4537BD0}.Ad-Hoc|Any CPU.Build.0 = Release|Any CPU
		{10DE9CBB-67B2-4441-B67B-8377A4537BD0}.Ad-Hoc|ARM.ActiveCfg = Release|Any CPU
		{10DE9CBB-67B2-4441-B67B-8377A4537BD0}.Ad-Hoc|ARM.Build.0 = Release|Any CPU
		{10DE9CBB-67B2-4441-B67B-8377A4537BD0}.Ad-Hoc|iPhone.ActiveCfg = Release|Any CPU
		{10DE9CBB-67B2-4441-B67B-8377A4537BD0}.Ad-Hoc|iPhone.Build.0 = Release|Any CPU
		{10DE9CBB-67B2-4441-B67B-8377A4537BD0}.Ad-Hoc|iPhoneSimulator.ActiveCfg = Release|Any CPU
		{10DE9CBB-67B2-4441-B67B-8377A4537BD0}.Ad-Hoc|iPhoneSimulator.Build.0 = Release|Any CPU
		{10DE9CBB-67B2-4441-B67B-8377A4537BD0}.Ad-Hoc|x64.ActiveCfg = Release|Any CPU
		{10DE9CBB-67B2-4441-B67B-8377A4537BD0}.Ad-Hoc|x64.Build.0 = Release|Any CPU
		{10DE9CBB-67B2-4441-B67B-8377A4537BD0}.Ad-Hoc|x86.ActiveCfg = Release|Any CPU
		{10DE9CBB-67B2-4441-B67B-8377A4537BD0}.Ad-Hoc|x86.Build.0 = Release|Any CPU
		{10DE9CBB-67B2-4441-B67B-8377A4537BD0}.AppStore|Any CPU.ActiveCfg = Release|Any CPU
		{10DE9CBB-67B2-4441-B67B-8377A4537BD0}.AppStore|Any CPU.Build.0 = Release|Any CPU
		{10DE9CBB-67B2-4441-B67B-8377A4537BD0}.AppStore|ARM.ActiveCfg = Release|Any CPU
		{10DE9CBB-67B2-4441-B67B-8377A4537BD0}.AppStore|ARM.Build.0 = Release|Any CPU
		{10DE9CBB-67B2-4441-B67B-8377A4537BD0}.AppStore|iPhone.ActiveCfg = Release|Any CPU
		{10DE9CBB-67B2-4441-B67B-8377A4537BD0}.AppStore|iPhone.Build.0 = Release|Any CPU
		{10DE9CBB-67B2-4441-B67B-8377A4537BD0}.AppStore|iPhoneSimulator.ActiveCfg = Release|Any CPU
		{10DE9CBB-67B2-4441-B67B-8377A4537BD0}.AppStore|iPhoneSimulator.Build.0 = Release|Any CPU
		{10DE9CBB-67B2-4441-B67B-8377A4537BD0}.AppStore|x64.ActiveCfg = Release|Any CPU
		{10DE9CBB-67B2-4441-B67B-8377A4537BD0}.AppStore|x64.Build.0 = Release|Any CPU
		{10DE9CBB-67B2-4441-B67B-8377A4537BD0}.AppStore|x86.ActiveCfg = Release|Any CPU
		{10DE9CBB-67B2-4441-B67B-8377A4537BD0}.AppStore|x86.Build.0 = Release|Any CPU
		{10DE9CBB-67B2-4441-B67B-8377A4537BD0}.Debug|Any CPU.ActiveCfg = Debug|Any CPU
		{10DE9CBB-67B2-4441-B67B-8377A4537BD0}.Debug|Any CPU.Build.0 = Debug|Any CPU
		{10DE9CBB-67B2-4441-B67B-8377A4537BD0}.Debug|ARM.ActiveCfg = Debug|Any CPU
		{10DE9CBB-67B2-4441-B67B-8377A4537BD0}.Debug|ARM.Build.0 = Debug|Any CPU
		{10DE9CBB-67B2-4441-B67B-8377A4537BD0}.Debug|iPhone.ActiveCfg = Debug|Any CPU
		{10DE9CBB-67B2-4441-B67B-8377A4537BD0}.Debug|iPhone.Build.0 = Debug|Any CPU
		{10DE9CBB-67B2-4441-B67B-8377A4537BD0}.Debug|iPhoneSimulator.ActiveCfg = Debug|Any CPU
		{10DE9CBB-67B2-4441-B67B-8377A4537BD0}.Debug|iPhoneSimulator.Build.0 = Debug|Any CPU
		{10DE9CBB-67B2-4441-B67B-8377A4537BD0}.Debug|x64.ActiveCfg = Debug|Any CPU
		{10DE9CBB-67B2-4441-B67B-8377A4537BD0}.Debug|x64.Build.0 = Debug|Any CPU
		{10DE9CBB-67B2-4441-B67B-8377A4537BD0}.Debug|x86.ActiveCfg = Debug|Any CPU
		{10DE9CBB-67B2-4441-B67B-8377A4537BD0}.Debug|x86.Build.0 = Debug|Any CPU
		{10DE9CBB-67B2-4441-B67B-8377A4537BD0}.Release|Any CPU.ActiveCfg = Release|Any CPU
		{10DE9CBB-67B2-4441-B67B-8377A4537BD0}.Release|Any CPU.Build.0 = Release|Any CPU
		{10DE9CBB-67B2-4441-B67B-8377A4537BD0}.Release|ARM.ActiveCfg = Release|Any CPU
		{10DE9CBB-67B2-4441-B67B-8377A4537BD0}.Release|ARM.Build.0 = Release|Any CPU
		{10DE9CBB-67B2-4441-B67B-8377A4537BD0}.Release|iPhone.ActiveCfg = Release|Any CPU
		{10DE9CBB-67B2-4441-B67B-8377A4537BD0}.Release|iPhone.Build.0 = Release|Any CPU
		{10DE9CBB-67B2-4441-B67B-8377A4537BD0}.Release|iPhoneSimulator.ActiveCfg = Release|Any CPU
		{10DE9CBB-67B2-4441-B67B-8377A4537BD0}.Release|iPhoneSimulator.Build.0 = Release|Any CPU
		{10DE9CBB-67B2-4441-B67B-8377A4537BD0}.Release|x64.ActiveCfg = Release|Any CPU
		{10DE9CBB-67B2-4441-B67B-8377A4537BD0}.Release|x64.Build.0 = Release|Any CPU
		{10DE9CBB-67B2-4441-B67B-8377A4537BD0}.Release|x86.ActiveCfg = Release|Any CPU
		{10DE9CBB-67B2-4441-B67B-8377A4537BD0}.Release|x86.Build.0 = Release|Any CPU
		{1F68ACF2-E9DA-412E-89B0-969ED43DC868}.Ad-Hoc|Any CPU.ActiveCfg = Release|Any CPU
		{1F68ACF2-E9DA-412E-89B0-969ED43DC868}.Ad-Hoc|Any CPU.Build.0 = Release|Any CPU
		{1F68ACF2-E9DA-412E-89B0-969ED43DC868}.Ad-Hoc|ARM.ActiveCfg = Release|Any CPU
		{1F68ACF2-E9DA-412E-89B0-969ED43DC868}.Ad-Hoc|ARM.Build.0 = Release|Any CPU
		{1F68ACF2-E9DA-412E-89B0-969ED43DC868}.Ad-Hoc|iPhone.ActiveCfg = Release|Any CPU
		{1F68ACF2-E9DA-412E-89B0-969ED43DC868}.Ad-Hoc|iPhone.Build.0 = Release|Any CPU
		{1F68ACF2-E9DA-412E-89B0-969ED43DC868}.Ad-Hoc|iPhoneSimulator.ActiveCfg = Release|Any CPU
		{1F68ACF2-E9DA-412E-89B0-969ED43DC868}.Ad-Hoc|iPhoneSimulator.Build.0 = Release|Any CPU
		{1F68ACF2-E9DA-412E-89B0-969ED43DC868}.Ad-Hoc|x64.ActiveCfg = Release|Any CPU
		{1F68ACF2-E9DA-412E-89B0-969ED43DC868}.Ad-Hoc|x64.Build.0 = Release|Any CPU
		{1F68ACF2-E9DA-412E-89B0-969ED43DC868}.Ad-Hoc|x86.ActiveCfg = Release|Any CPU
		{1F68ACF2-E9DA-412E-89B0-969ED43DC868}.Ad-Hoc|x86.Build.0 = Release|Any CPU
		{1F68ACF2-E9DA-412E-89B0-969ED43DC868}.AppStore|Any CPU.ActiveCfg = Release|Any CPU
		{1F68ACF2-E9DA-412E-89B0-969ED43DC868}.AppStore|Any CPU.Build.0 = Release|Any CPU
		{1F68ACF2-E9DA-412E-89B0-969ED43DC868}.AppStore|ARM.ActiveCfg = Release|Any CPU
		{1F68ACF2-E9DA-412E-89B0-969ED43DC868}.AppStore|ARM.Build.0 = Release|Any CPU
		{1F68ACF2-E9DA-412E-89B0-969ED43DC868}.AppStore|iPhone.ActiveCfg = Release|Any CPU
		{1F68ACF2-E9DA-412E-89B0-969ED43DC868}.AppStore|iPhone.Build.0 = Release|Any CPU
		{1F68ACF2-E9DA-412E-89B0-969ED43DC868}.AppStore|iPhoneSimulator.ActiveCfg = Release|Any CPU
		{1F68ACF2-E9DA-412E-89B0-969ED43DC868}.AppStore|iPhoneSimulator.Build.0 = Release|Any CPU
		{1F68ACF2-E9DA-412E-89B0-969ED43DC868}.AppStore|x64.ActiveCfg = Release|Any CPU
		{1F68ACF2-E9DA-412E-89B0-969ED43DC868}.AppStore|x64.Build.0 = Release|Any CPU
		{1F68ACF2-E9DA-412E-89B0-969ED43DC868}.AppStore|x86.ActiveCfg = Release|Any CPU
		{1F68ACF2-E9DA-412E-89B0-969ED43DC868}.AppStore|x86.Build.0 = Release|Any CPU
		{1F68ACF2-E9DA-412E-89B0-969ED43DC868}.Debug|Any CPU.ActiveCfg = Debug|Any CPU
		{1F68ACF2-E9DA-412E-89B0-969ED43DC868}.Debug|Any CPU.Build.0 = Debug|Any CPU
		{1F68ACF2-E9DA-412E-89B0-969ED43DC868}.Debug|ARM.ActiveCfg = Debug|Any CPU
		{1F68ACF2-E9DA-412E-89B0-969ED43DC868}.Debug|ARM.Build.0 = Debug|Any CPU
		{1F68ACF2-E9DA-412E-89B0-969ED43DC868}.Debug|iPhone.ActiveCfg = Debug|Any CPU
		{1F68ACF2-E9DA-412E-89B0-969ED43DC868}.Debug|iPhone.Build.0 = Debug|Any CPU
		{1F68ACF2-E9DA-412E-89B0-969ED43DC868}.Debug|iPhoneSimulator.ActiveCfg = Debug|Any CPU
		{1F68ACF2-E9DA-412E-89B0-969ED43DC868}.Debug|iPhoneSimulator.Build.0 = Debug|Any CPU
		{1F68ACF2-E9DA-412E-89B0-969ED43DC868}.Debug|x64.ActiveCfg = Debug|Any CPU
		{1F68ACF2-E9DA-412E-89B0-969ED43DC868}.Debug|x64.Build.0 = Debug|Any CPU
		{1F68ACF2-E9DA-412E-89B0-969ED43DC868}.Debug|x86.ActiveCfg = Debug|Any CPU
		{1F68ACF2-E9DA-412E-89B0-969ED43DC868}.Debug|x86.Build.0 = Debug|Any CPU
		{1F68ACF2-E9DA-412E-89B0-969ED43DC868}.Release|Any CPU.ActiveCfg = Release|Any CPU
		{1F68ACF2-E9DA-412E-89B0-969ED43DC868}.Release|Any CPU.Build.0 = Release|Any CPU
		{1F68ACF2-E9DA-412E-89B0-969ED43DC868}.Release|ARM.ActiveCfg = Release|Any CPU
		{1F68ACF2-E9DA-412E-89B0-969ED43DC868}.Release|ARM.Build.0 = Release|Any CPU
		{1F68ACF2-E9DA-412E-89B0-969ED43DC868}.Release|iPhone.ActiveCfg = Release|Any CPU
		{1F68ACF2-E9DA-412E-89B0-969ED43DC868}.Release|iPhone.Build.0 = Release|Any CPU
		{1F68ACF2-E9DA-412E-89B0-969ED43DC868}.Release|iPhoneSimulator.ActiveCfg = Release|Any CPU
		{1F68ACF2-E9DA-412E-89B0-969ED43DC868}.Release|iPhoneSimulator.Build.0 = Release|Any CPU
		{1F68ACF2-E9DA-412E-89B0-969ED43DC868}.Release|x64.ActiveCfg = Release|Any CPU
		{1F68ACF2-E9DA-412E-89B0-969ED43DC868}.Release|x64.Build.0 = Release|Any CPU
		{1F68ACF2-E9DA-412E-89B0-969ED43DC868}.Release|x86.ActiveCfg = Release|Any CPU
		{1F68ACF2-E9DA-412E-89B0-969ED43DC868}.Release|x86.Build.0 = Release|Any CPU
		{88F703D8-A09C-4AC1-A083-2A139A29C271}.Ad-Hoc|Any CPU.ActiveCfg = Release|Any CPU
		{88F703D8-A09C-4AC1-A083-2A139A29C271}.Ad-Hoc|Any CPU.Build.0 = Release|Any CPU
		{88F703D8-A09C-4AC1-A083-2A139A29C271}.Ad-Hoc|ARM.ActiveCfg = Release|Any CPU
		{88F703D8-A09C-4AC1-A083-2A139A29C271}.Ad-Hoc|ARM.Build.0 = Release|Any CPU
		{88F703D8-A09C-4AC1-A083-2A139A29C271}.Ad-Hoc|iPhone.ActiveCfg = Release|Any CPU
		{88F703D8-A09C-4AC1-A083-2A139A29C271}.Ad-Hoc|iPhone.Build.0 = Release|Any CPU
		{88F703D8-A09C-4AC1-A083-2A139A29C271}.Ad-Hoc|iPhoneSimulator.ActiveCfg = Release|Any CPU
		{88F703D8-A09C-4AC1-A083-2A139A29C271}.Ad-Hoc|iPhoneSimulator.Build.0 = Release|Any CPU
		{88F703D8-A09C-4AC1-A083-2A139A29C271}.Ad-Hoc|x64.ActiveCfg = Release|Any CPU
		{88F703D8-A09C-4AC1-A083-2A139A29C271}.Ad-Hoc|x64.Build.0 = Release|Any CPU
		{88F703D8-A09C-4AC1-A083-2A139A29C271}.Ad-Hoc|x86.ActiveCfg = Release|Any CPU
		{88F703D8-A09C-4AC1-A083-2A139A29C271}.Ad-Hoc|x86.Build.0 = Release|Any CPU
		{88F703D8-A09C-4AC1-A083-2A139A29C271}.AppStore|Any CPU.ActiveCfg = Release|Any CPU
		{88F703D8-A09C-4AC1-A083-2A139A29C271}.AppStore|Any CPU.Build.0 = Release|Any CPU
		{88F703D8-A09C-4AC1-A083-2A139A29C271}.AppStore|ARM.ActiveCfg = Release|Any CPU
		{88F703D8-A09C-4AC1-A083-2A139A29C271}.AppStore|ARM.Build.0 = Release|Any CPU
		{88F703D8-A09C-4AC1-A083-2A139A29C271}.AppStore|iPhone.ActiveCfg = Release|Any CPU
		{88F703D8-A09C-4AC1-A083-2A139A29C271}.AppStore|iPhone.Build.0 = Release|Any CPU
		{88F703D8-A09C-4AC1-A083-2A139A29C271}.AppStore|iPhoneSimulator.ActiveCfg = Release|Any CPU
		{88F703D8-A09C-4AC1-A083-2A139A29C271}.AppStore|iPhoneSimulator.Build.0 = Release|Any CPU
		{88F703D8-A09C-4AC1-A083-2A139A29C271}.AppStore|x64.ActiveCfg = Release|Any CPU
		{88F703D8-A09C-4AC1-A083-2A139A29C271}.AppStore|x64.Build.0 = Release|Any CPU
		{88F703D8-A09C-4AC1-A083-2A139A29C271}.AppStore|x86.ActiveCfg = Release|Any CPU
		{88F703D8-A09C-4AC1-A083-2A139A29C271}.AppStore|x86.Build.0 = Release|Any CPU
		{88F703D8-A09C-4AC1-A083-2A139A29C271}.Debug|Any CPU.ActiveCfg = Debug|Any CPU
		{88F703D8-A09C-4AC1-A083-2A139A29C271}.Debug|Any CPU.Build.0 = Debug|Any CPU
		{88F703D8-A09C-4AC1-A083-2A139A29C271}.Debug|ARM.ActiveCfg = Debug|Any CPU
		{88F703D8-A09C-4AC1-A083-2A139A29C271}.Debug|ARM.Build.0 = Debug|Any CPU
		{88F703D8-A09C-4AC1-A083-2A139A29C271}.Debug|iPhone.ActiveCfg = Debug|Any CPU
		{88F703D8-A09C-4AC1-A083-2A139A29C271}.Debug|iPhone.Build.0 = Debug|Any CPU
		{88F703D8-A09C-4AC1-A083-2A139A29C271}.Debug|iPhoneSimulator.ActiveCfg = Debug|Any CPU
		{88F703D8-A09C-4AC1-A083-2A139A29C271}.Debug|iPhoneSimulator.Build.0 = Debug|Any CPU
		{88F703D8-A09C-4AC1-A083-2A139A29C271}.Debug|x64.ActiveCfg = Debug|Any CPU
		{88F703D8-A09C-4AC1-A083-2A139A29C271}.Debug|x64.Build.0 = Debug|Any CPU
		{88F703D8-A09C-4AC1-A083-2A139A29C271}.Debug|x86.ActiveCfg = Debug|Any CPU
		{88F703D8-A09C-4AC1-A083-2A139A29C271}.Debug|x86.Build.0 = Debug|Any CPU
		{88F703D8-A09C-4AC1-A083-2A139A29C271}.Release|Any CPU.ActiveCfg = Release|Any CPU
		{88F703D8-A09C-4AC1-A083-2A139A29C271}.Release|Any CPU.Build.0 = Release|Any CPU
		{88F703D8-A09C-4AC1-A083-2A139A29C271}.Release|ARM.ActiveCfg = Release|Any CPU
		{88F703D8-A09C-4AC1-A083-2A139A29C271}.Release|ARM.Build.0 = Release|Any CPU
		{88F703D8-A09C-4AC1-A083-2A139A29C271}.Release|iPhone.ActiveCfg = Release|Any CPU
		{88F703D8-A09C-4AC1-A083-2A139A29C271}.Release|iPhone.Build.0 = Release|Any CPU
		{88F703D8-A09C-4AC1-A083-2A139A29C271}.Release|iPhoneSimulator.ActiveCfg = Release|Any CPU
		{88F703D8-A09C-4AC1-A083-2A139A29C271}.Release|iPhoneSimulator.Build.0 = Release|Any CPU
		{88F703D8-A09C-4AC1-A083-2A139A29C271}.Release|x64.ActiveCfg = Release|Any CPU
		{88F703D8-A09C-4AC1-A083-2A139A29C271}.Release|x64.Build.0 = Release|Any CPU
		{88F703D8-A09C-4AC1-A083-2A139A29C271}.Release|x86.ActiveCfg = Release|Any CPU
		{88F703D8-A09C-4AC1-A083-2A139A29C271}.Release|x86.Build.0 = Release|Any CPU
		{CDED1987-EC9C-481A-9CFD-6D287E0A7DC4}.Ad-Hoc|Any CPU.ActiveCfg = Release|Any CPU
		{CDED1987-EC9C-481A-9CFD-6D287E0A7DC4}.Ad-Hoc|Any CPU.Build.0 = Release|Any CPU
		{CDED1987-EC9C-481A-9CFD-6D287E0A7DC4}.Ad-Hoc|ARM.ActiveCfg = Release|Any CPU
		{CDED1987-EC9C-481A-9CFD-6D287E0A7DC4}.Ad-Hoc|ARM.Build.0 = Release|Any CPU
		{CDED1987-EC9C-481A-9CFD-6D287E0A7DC4}.Ad-Hoc|iPhone.ActiveCfg = Release|Any CPU
		{CDED1987-EC9C-481A-9CFD-6D287E0A7DC4}.Ad-Hoc|iPhone.Build.0 = Release|Any CPU
		{CDED1987-EC9C-481A-9CFD-6D287E0A7DC4}.Ad-Hoc|iPhoneSimulator.ActiveCfg = Release|Any CPU
		{CDED1987-EC9C-481A-9CFD-6D287E0A7DC4}.Ad-Hoc|iPhoneSimulator.Build.0 = Release|Any CPU
		{CDED1987-EC9C-481A-9CFD-6D287E0A7DC4}.Ad-Hoc|x64.ActiveCfg = Release|Any CPU
		{CDED1987-EC9C-481A-9CFD-6D287E0A7DC4}.Ad-Hoc|x64.Build.0 = Release|Any CPU
		{CDED1987-EC9C-481A-9CFD-6D287E0A7DC4}.Ad-Hoc|x86.ActiveCfg = Release|Any CPU
		{CDED1987-EC9C-481A-9CFD-6D287E0A7DC4}.Ad-Hoc|x86.Build.0 = Release|Any CPU
		{CDED1987-EC9C-481A-9CFD-6D287E0A7DC4}.AppStore|Any CPU.ActiveCfg = Release|Any CPU
		{CDED1987-EC9C-481A-9CFD-6D287E0A7DC4}.AppStore|Any CPU.Build.0 = Release|Any CPU
		{CDED1987-EC9C-481A-9CFD-6D287E0A7DC4}.AppStore|ARM.ActiveCfg = Release|Any CPU
		{CDED1987-EC9C-481A-9CFD-6D287E0A7DC4}.AppStore|ARM.Build.0 = Release|Any CPU
		{CDED1987-EC9C-481A-9CFD-6D287E0A7DC4}.AppStore|iPhone.ActiveCfg = Release|Any CPU
		{CDED1987-EC9C-481A-9CFD-6D287E0A7DC4}.AppStore|iPhone.Build.0 = Release|Any CPU
		{CDED1987-EC9C-481A-9CFD-6D287E0A7DC4}.AppStore|iPhoneSimulator.ActiveCfg = Release|Any CPU
		{CDED1987-EC9C-481A-9CFD-6D287E0A7DC4}.AppStore|iPhoneSimulator.Build.0 = Release|Any CPU
		{CDED1987-EC9C-481A-9CFD-6D287E0A7DC4}.AppStore|x64.ActiveCfg = Release|Any CPU
		{CDED1987-EC9C-481A-9CFD-6D287E0A7DC4}.AppStore|x64.Build.0 = Release|Any CPU
		{CDED1987-EC9C-481A-9CFD-6D287E0A7DC4}.AppStore|x86.ActiveCfg = Release|Any CPU
		{CDED1987-EC9C-481A-9CFD-6D287E0A7DC4}.AppStore|x86.Build.0 = Release|Any CPU
		{CDED1987-EC9C-481A-9CFD-6D287E0A7DC4}.Debug|Any CPU.ActiveCfg = Debug|Any CPU
		{CDED1987-EC9C-481A-9CFD-6D287E0A7DC4}.Debug|Any CPU.Build.0 = Debug|Any CPU
		{CDED1987-EC9C-481A-9CFD-6D287E0A7DC4}.Debug|ARM.ActiveCfg = Debug|Any CPU
		{CDED1987-EC9C-481A-9CFD-6D287E0A7DC4}.Debug|ARM.Build.0 = Debug|Any CPU
		{CDED1987-EC9C-481A-9CFD-6D287E0A7DC4}.Debug|iPhone.ActiveCfg = Debug|Any CPU
		{CDED1987-EC9C-481A-9CFD-6D287E0A7DC4}.Debug|iPhone.Build.0 = Debug|Any CPU
		{CDED1987-EC9C-481A-9CFD-6D287E0A7DC4}.Debug|iPhoneSimulator.ActiveCfg = Debug|Any CPU
		{CDED1987-EC9C-481A-9CFD-6D287E0A7DC4}.Debug|iPhoneSimulator.Build.0 = Debug|Any CPU
		{CDED1987-EC9C-481A-9CFD-6D287E0A7DC4}.Debug|x64.ActiveCfg = Debug|Any CPU
		{CDED1987-EC9C-481A-9CFD-6D287E0A7DC4}.Debug|x64.Build.0 = Debug|Any CPU
		{CDED1987-EC9C-481A-9CFD-6D287E0A7DC4}.Debug|x86.ActiveCfg = Debug|Any CPU
		{CDED1987-EC9C-481A-9CFD-6D287E0A7DC4}.Debug|x86.Build.0 = Debug|Any CPU
		{CDED1987-EC9C-481A-9CFD-6D287E0A7DC4}.Release|Any CPU.ActiveCfg = Release|Any CPU
		{CDED1987-EC9C-481A-9CFD-6D287E0A7DC4}.Release|Any CPU.Build.0 = Release|Any CPU
		{CDED1987-EC9C-481A-9CFD-6D287E0A7DC4}.Release|ARM.ActiveCfg = Release|Any CPU
		{CDED1987-EC9C-481A-9CFD-6D287E0A7DC4}.Release|ARM.Build.0 = Release|Any CPU
		{CDED1987-EC9C-481A-9CFD-6D287E0A7DC4}.Release|iPhone.ActiveCfg = Release|Any CPU
		{CDED1987-EC9C-481A-9CFD-6D287E0A7DC4}.Release|iPhone.Build.0 = Release|Any CPU
		{CDED1987-EC9C-481A-9CFD-6D287E0A7DC4}.Release|iPhoneSimulator.ActiveCfg = Release|Any CPU
		{CDED1987-EC9C-481A-9CFD-6D287E0A7DC4}.Release|iPhoneSimulator.Build.0 = Release|Any CPU
		{CDED1987-EC9C-481A-9CFD-6D287E0A7DC4}.Release|x64.ActiveCfg = Release|Any CPU
		{CDED1987-EC9C-481A-9CFD-6D287E0A7DC4}.Release|x64.Build.0 = Release|Any CPU
		{CDED1987-EC9C-481A-9CFD-6D287E0A7DC4}.Release|x86.ActiveCfg = Release|Any CPU
		{CDED1987-EC9C-481A-9CFD-6D287E0A7DC4}.Release|x86.Build.0 = Release|Any CPU
		{5F66FAAD-4BCD-4E9D-AA6D-A3BB330C95E0}.Ad-Hoc|Any CPU.ActiveCfg = Release|Any CPU
		{5F66FAAD-4BCD-4E9D-AA6D-A3BB330C95E0}.Ad-Hoc|Any CPU.Build.0 = Release|Any CPU
		{5F66FAAD-4BCD-4E9D-AA6D-A3BB330C95E0}.Ad-Hoc|ARM.ActiveCfg = Release|Any CPU
		{5F66FAAD-4BCD-4E9D-AA6D-A3BB330C95E0}.Ad-Hoc|ARM.Build.0 = Release|Any CPU
		{5F66FAAD-4BCD-4E9D-AA6D-A3BB330C95E0}.Ad-Hoc|iPhone.ActiveCfg = Release|Any CPU
		{5F66FAAD-4BCD-4E9D-AA6D-A3BB330C95E0}.Ad-Hoc|iPhone.Build.0 = Release|Any CPU
		{5F66FAAD-4BCD-4E9D-AA6D-A3BB330C95E0}.Ad-Hoc|iPhoneSimulator.ActiveCfg = Release|Any CPU
		{5F66FAAD-4BCD-4E9D-AA6D-A3BB330C95E0}.Ad-Hoc|iPhoneSimulator.Build.0 = Release|Any CPU
		{5F66FAAD-4BCD-4E9D-AA6D-A3BB330C95E0}.Ad-Hoc|x64.ActiveCfg = Release|Any CPU
		{5F66FAAD-4BCD-4E9D-AA6D-A3BB330C95E0}.Ad-Hoc|x64.Build.0 = Release|Any CPU
		{5F66FAAD-4BCD-4E9D-AA6D-A3BB330C95E0}.Ad-Hoc|x86.ActiveCfg = Release|Any CPU
		{5F66FAAD-4BCD-4E9D-AA6D-A3BB330C95E0}.Ad-Hoc|x86.Build.0 = Release|Any CPU
		{5F66FAAD-4BCD-4E9D-AA6D-A3BB330C95E0}.AppStore|Any CPU.ActiveCfg = Release|Any CPU
		{5F66FAAD-4BCD-4E9D-AA6D-A3BB330C95E0}.AppStore|Any CPU.Build.0 = Release|Any CPU
		{5F66FAAD-4BCD-4E9D-AA6D-A3BB330C95E0}.AppStore|ARM.ActiveCfg = Release|Any CPU
		{5F66FAAD-4BCD-4E9D-AA6D-A3BB330C95E0}.AppStore|ARM.Build.0 = Release|Any CPU
		{5F66FAAD-4BCD-4E9D-AA6D-A3BB330C95E0}.AppStore|iPhone.ActiveCfg = Release|Any CPU
		{5F66FAAD-4BCD-4E9D-AA6D-A3BB330C95E0}.AppStore|iPhone.Build.0 = Release|Any CPU
		{5F66FAAD-4BCD-4E9D-AA6D-A3BB330C95E0}.AppStore|iPhoneSimulator.ActiveCfg = Release|Any CPU
		{5F66FAAD-4BCD-4E9D-AA6D-A3BB330C95E0}.AppStore|iPhoneSimulator.Build.0 = Release|Any CPU
		{5F66FAAD-4BCD-4E9D-AA6D-A3BB330C95E0}.AppStore|x64.ActiveCfg = Release|Any CPU
		{5F66FAAD-4BCD-4E9D-AA6D-A3BB330C95E0}.AppStore|x64.Build.0 = Release|Any CPU
		{5F66FAAD-4BCD-4E9D-AA6D-A3BB330C95E0}.AppStore|x86.ActiveCfg = Release|Any CPU
		{5F66FAAD-4BCD-4E9D-AA6D-A3BB330C95E0}.AppStore|x86.Build.0 = Release|Any CPU
		{5F66FAAD-4BCD-4E9D-AA6D-A3BB330C95E0}.Debug|Any CPU.ActiveCfg = Debug|Any CPU
		{5F66FAAD-4BCD-4E9D-AA6D-A3BB330C95E0}.Debug|Any CPU.Build.0 = Debug|Any CPU
		{5F66FAAD-4BCD-4E9D-AA6D-A3BB330C95E0}.Debug|ARM.ActiveCfg = Debug|Any CPU
		{5F66FAAD-4BCD-4E9D-AA6D-A3BB330C95E0}.Debug|ARM.Build.0 = Debug|Any CPU
		{5F66FAAD-4BCD-4E9D-AA6D-A3BB330C95E0}.Debug|iPhone.ActiveCfg = Debug|Any CPU
		{5F66FAAD-4BCD-4E9D-AA6D-A3BB330C95E0}.Debug|iPhone.Build.0 = Debug|Any CPU
		{5F66FAAD-4BCD-4E9D-AA6D-A3BB330C95E0}.Debug|iPhoneSimulator.ActiveCfg = Debug|Any CPU
		{5F66FAAD-4BCD-4E9D-AA6D-A3BB330C95E0}.Debug|iPhoneSimulator.Build.0 = Debug|Any CPU
		{5F66FAAD-4BCD-4E9D-AA6D-A3BB330C95E0}.Debug|x64.ActiveCfg = Debug|Any CPU
		{5F66FAAD-4BCD-4E9D-AA6D-A3BB330C95E0}.Debug|x64.Build.0 = Debug|Any CPU
		{5F66FAAD-4BCD-4E9D-AA6D-A3BB330C95E0}.Debug|x86.ActiveCfg = Debug|Any CPU
		{5F66FAAD-4BCD-4E9D-AA6D-A3BB330C95E0}.Debug|x86.Build.0 = Debug|Any CPU
		{5F66FAAD-4BCD-4E9D-AA6D-A3BB330C95E0}.Release|Any CPU.ActiveCfg = Release|Any CPU
		{5F66FAAD-4BCD-4E9D-AA6D-A3BB330C95E0}.Release|Any CPU.Build.0 = Release|Any CPU
		{5F66FAAD-4BCD-4E9D-AA6D-A3BB330C95E0}.Release|ARM.ActiveCfg = Release|Any CPU
		{5F66FAAD-4BCD-4E9D-AA6D-A3BB330C95E0}.Release|ARM.Build.0 = Release|Any CPU
		{5F66FAAD-4BCD-4E9D-AA6D-A3BB330C95E0}.Release|iPhone.ActiveCfg = Release|Any CPU
		{5F66FAAD-4BCD-4E9D-AA6D-A3BB330C95E0}.Release|iPhone.Build.0 = Release|Any CPU
		{5F66FAAD-4BCD-4E9D-AA6D-A3BB330C95E0}.Release|iPhoneSimulator.ActiveCfg = Release|Any CPU
		{5F66FAAD-4BCD-4E9D-AA6D-A3BB330C95E0}.Release|iPhoneSimulator.Build.0 = Release|Any CPU
		{5F66FAAD-4BCD-4E9D-AA6D-A3BB330C95E0}.Release|x64.ActiveCfg = Release|Any CPU
		{5F66FAAD-4BCD-4E9D-AA6D-A3BB330C95E0}.Release|x64.Build.0 = Release|Any CPU
		{5F66FAAD-4BCD-4E9D-AA6D-A3BB330C95E0}.Release|x86.ActiveCfg = Release|Any CPU
		{5F66FAAD-4BCD-4E9D-AA6D-A3BB330C95E0}.Release|x86.Build.0 = Release|Any CPU
		{22F20931-80D9-44A9-BD24-CD9AEE645A60}.Ad-Hoc|Any CPU.ActiveCfg = Release|Any CPU
		{22F20931-80D9-44A9-BD24-CD9AEE645A60}.Ad-Hoc|Any CPU.Build.0 = Release|Any CPU
		{22F20931-80D9-44A9-BD24-CD9AEE645A60}.Ad-Hoc|Any CPU.Deploy.0 = Release|Any CPU
		{22F20931-80D9-44A9-BD24-CD9AEE645A60}.Ad-Hoc|ARM.ActiveCfg = Release|Any CPU
		{22F20931-80D9-44A9-BD24-CD9AEE645A60}.Ad-Hoc|ARM.Build.0 = Release|Any CPU
		{22F20931-80D9-44A9-BD24-CD9AEE645A60}.Ad-Hoc|ARM.Deploy.0 = Release|Any CPU
		{22F20931-80D9-44A9-BD24-CD9AEE645A60}.Ad-Hoc|iPhone.ActiveCfg = Release|Any CPU
		{22F20931-80D9-44A9-BD24-CD9AEE645A60}.Ad-Hoc|iPhone.Build.0 = Release|Any CPU
		{22F20931-80D9-44A9-BD24-CD9AEE645A60}.Ad-Hoc|iPhone.Deploy.0 = Release|Any CPU
		{22F20931-80D9-44A9-BD24-CD9AEE645A60}.Ad-Hoc|iPhoneSimulator.ActiveCfg = Release|Any CPU
		{22F20931-80D9-44A9-BD24-CD9AEE645A60}.Ad-Hoc|iPhoneSimulator.Build.0 = Release|Any CPU
		{22F20931-80D9-44A9-BD24-CD9AEE645A60}.Ad-Hoc|iPhoneSimulator.Deploy.0 = Release|Any CPU
		{22F20931-80D9-44A9-BD24-CD9AEE645A60}.Ad-Hoc|x64.ActiveCfg = Release|Any CPU
		{22F20931-80D9-44A9-BD24-CD9AEE645A60}.Ad-Hoc|x64.Build.0 = Release|Any CPU
		{22F20931-80D9-44A9-BD24-CD9AEE645A60}.Ad-Hoc|x64.Deploy.0 = Release|Any CPU
		{22F20931-80D9-44A9-BD24-CD9AEE645A60}.Ad-Hoc|x86.ActiveCfg = Release|Any CPU
		{22F20931-80D9-44A9-BD24-CD9AEE645A60}.Ad-Hoc|x86.Build.0 = Release|Any CPU
		{22F20931-80D9-44A9-BD24-CD9AEE645A60}.Ad-Hoc|x86.Deploy.0 = Release|Any CPU
		{22F20931-80D9-44A9-BD24-CD9AEE645A60}.AppStore|Any CPU.ActiveCfg = Release|Any CPU
		{22F20931-80D9-44A9-BD24-CD9AEE645A60}.AppStore|Any CPU.Build.0 = Release|Any CPU
		{22F20931-80D9-44A9-BD24-CD9AEE645A60}.AppStore|Any CPU.Deploy.0 = Release|Any CPU
		{22F20931-80D9-44A9-BD24-CD9AEE645A60}.AppStore|ARM.ActiveCfg = Release|Any CPU
		{22F20931-80D9-44A9-BD24-CD9AEE645A60}.AppStore|ARM.Build.0 = Release|Any CPU
		{22F20931-80D9-44A9-BD24-CD9AEE645A60}.AppStore|ARM.Deploy.0 = Release|Any CPU
		{22F20931-80D9-44A9-BD24-CD9AEE645A60}.AppStore|iPhone.ActiveCfg = Release|Any CPU
		{22F20931-80D9-44A9-BD24-CD9AEE645A60}.AppStore|iPhone.Build.0 = Release|Any CPU
		{22F20931-80D9-44A9-BD24-CD9AEE645A60}.AppStore|iPhone.Deploy.0 = Release|Any CPU
		{22F20931-80D9-44A9-BD24-CD9AEE645A60}.AppStore|iPhoneSimulator.ActiveCfg = Release|Any CPU
		{22F20931-80D9-44A9-BD24-CD9AEE645A60}.AppStore|iPhoneSimulator.Build.0 = Release|Any CPU
		{22F20931-80D9-44A9-BD24-CD9AEE645A60}.AppStore|iPhoneSimulator.Deploy.0 = Release|Any CPU
		{22F20931-80D9-44A9-BD24-CD9AEE645A60}.AppStore|x64.ActiveCfg = Release|Any CPU
		{22F20931-80D9-44A9-BD24-CD9AEE645A60}.AppStore|x64.Build.0 = Release|Any CPU
		{22F20931-80D9-44A9-BD24-CD9AEE645A60}.AppStore|x64.Deploy.0 = Release|Any CPU
		{22F20931-80D9-44A9-BD24-CD9AEE645A60}.AppStore|x86.ActiveCfg = Release|Any CPU
		{22F20931-80D9-44A9-BD24-CD9AEE645A60}.AppStore|x86.Build.0 = Release|Any CPU
		{22F20931-80D9-44A9-BD24-CD9AEE645A60}.AppStore|x86.Deploy.0 = Release|Any CPU
		{22F20931-80D9-44A9-BD24-CD9AEE645A60}.Debug|Any CPU.ActiveCfg = Debug|Any CPU
		{22F20931-80D9-44A9-BD24-CD9AEE645A60}.Debug|Any CPU.Build.0 = Debug|Any CPU
		{22F20931-80D9-44A9-BD24-CD9AEE645A60}.Debug|Any CPU.Deploy.0 = Debug|Any CPU
		{22F20931-80D9-44A9-BD24-CD9AEE645A60}.Debug|ARM.ActiveCfg = Debug|Any CPU
		{22F20931-80D9-44A9-BD24-CD9AEE645A60}.Debug|ARM.Build.0 = Debug|Any CPU
		{22F20931-80D9-44A9-BD24-CD9AEE645A60}.Debug|ARM.Deploy.0 = Debug|Any CPU
		{22F20931-80D9-44A9-BD24-CD9AEE645A60}.Debug|iPhone.ActiveCfg = Debug|Any CPU
		{22F20931-80D9-44A9-BD24-CD9AEE645A60}.Debug|iPhone.Build.0 = Debug|Any CPU
		{22F20931-80D9-44A9-BD24-CD9AEE645A60}.Debug|iPhone.Deploy.0 = Debug|Any CPU
		{22F20931-80D9-44A9-BD24-CD9AEE645A60}.Debug|iPhoneSimulator.ActiveCfg = Debug|Any CPU
		{22F20931-80D9-44A9-BD24-CD9AEE645A60}.Debug|iPhoneSimulator.Build.0 = Debug|Any CPU
		{22F20931-80D9-44A9-BD24-CD9AEE645A60}.Debug|iPhoneSimulator.Deploy.0 = Debug|Any CPU
		{22F20931-80D9-44A9-BD24-CD9AEE645A60}.Debug|x64.ActiveCfg = Debug|Any CPU
		{22F20931-80D9-44A9-BD24-CD9AEE645A60}.Debug|x64.Build.0 = Debug|Any CPU
		{22F20931-80D9-44A9-BD24-CD9AEE645A60}.Debug|x64.Deploy.0 = Debug|Any CPU
		{22F20931-80D9-44A9-BD24-CD9AEE645A60}.Debug|x86.ActiveCfg = Debug|Any CPU
		{22F20931-80D9-44A9-BD24-CD9AEE645A60}.Debug|x86.Build.0 = Debug|Any CPU
		{22F20931-80D9-44A9-BD24-CD9AEE645A60}.Debug|x86.Deploy.0 = Debug|Any CPU
		{22F20931-80D9-44A9-BD24-CD9AEE645A60}.Release|Any CPU.ActiveCfg = Release|Any CPU
		{22F20931-80D9-44A9-BD24-CD9AEE645A60}.Release|Any CPU.Build.0 = Release|Any CPU
		{22F20931-80D9-44A9-BD24-CD9AEE645A60}.Release|Any CPU.Deploy.0 = Release|Any CPU
		{22F20931-80D9-44A9-BD24-CD9AEE645A60}.Release|ARM.ActiveCfg = Release|Any CPU
		{22F20931-80D9-44A9-BD24-CD9AEE645A60}.Release|ARM.Build.0 = Release|Any CPU
		{22F20931-80D9-44A9-BD24-CD9AEE645A60}.Release|ARM.Deploy.0 = Release|Any CPU
		{22F20931-80D9-44A9-BD24-CD9AEE645A60}.Release|iPhone.ActiveCfg = Release|Any CPU
		{22F20931-80D9-44A9-BD24-CD9AEE645A60}.Release|iPhone.Build.0 = Release|Any CPU
		{22F20931-80D9-44A9-BD24-CD9AEE645A60}.Release|iPhone.Deploy.0 = Release|Any CPU
		{22F20931-80D9-44A9-BD24-CD9AEE645A60}.Release|iPhoneSimulator.ActiveCfg = Release|Any CPU
		{22F20931-80D9-44A9-BD24-CD9AEE645A60}.Release|iPhoneSimulator.Build.0 = Release|Any CPU
		{22F20931-80D9-44A9-BD24-CD9AEE645A60}.Release|iPhoneSimulator.Deploy.0 = Release|Any CPU
		{22F20931-80D9-44A9-BD24-CD9AEE645A60}.Release|x64.ActiveCfg = Release|Any CPU
		{22F20931-80D9-44A9-BD24-CD9AEE645A60}.Release|x64.Build.0 = Release|Any CPU
		{22F20931-80D9-44A9-BD24-CD9AEE645A60}.Release|x64.Deploy.0 = Release|Any CPU
		{22F20931-80D9-44A9-BD24-CD9AEE645A60}.Release|x86.ActiveCfg = Release|Any CPU
		{22F20931-80D9-44A9-BD24-CD9AEE645A60}.Release|x86.Build.0 = Release|Any CPU
		{22F20931-80D9-44A9-BD24-CD9AEE645A60}.Release|x86.Deploy.0 = Release|Any CPU
		{3BECD2F0-1C1D-4564-AE05-DE6EF65250D4}.Ad-Hoc|Any CPU.ActiveCfg = Ad-Hoc|iPhone
		{3BECD2F0-1C1D-4564-AE05-DE6EF65250D4}.Ad-Hoc|ARM.ActiveCfg = Ad-Hoc|iPhone
		{3BECD2F0-1C1D-4564-AE05-DE6EF65250D4}.Ad-Hoc|iPhone.ActiveCfg = Ad-Hoc|iPhone
		{3BECD2F0-1C1D-4564-AE05-DE6EF65250D4}.Ad-Hoc|iPhone.Build.0 = Ad-Hoc|iPhone
		{3BECD2F0-1C1D-4564-AE05-DE6EF65250D4}.Ad-Hoc|iPhoneSimulator.ActiveCfg = Ad-Hoc|iPhoneSimulator
		{3BECD2F0-1C1D-4564-AE05-DE6EF65250D4}.Ad-Hoc|iPhoneSimulator.Build.0 = Ad-Hoc|iPhoneSimulator
		{3BECD2F0-1C1D-4564-AE05-DE6EF65250D4}.Ad-Hoc|x64.ActiveCfg = Ad-Hoc|iPhone
		{3BECD2F0-1C1D-4564-AE05-DE6EF65250D4}.Ad-Hoc|x86.ActiveCfg = Ad-Hoc|iPhone
		{3BECD2F0-1C1D-4564-AE05-DE6EF65250D4}.AppStore|Any CPU.ActiveCfg = AppStore|iPhone
		{3BECD2F0-1C1D-4564-AE05-DE6EF65250D4}.AppStore|ARM.ActiveCfg = AppStore|iPhone
		{3BECD2F0-1C1D-4564-AE05-DE6EF65250D4}.AppStore|iPhone.ActiveCfg = AppStore|iPhone
		{3BECD2F0-1C1D-4564-AE05-DE6EF65250D4}.AppStore|iPhone.Build.0 = AppStore|iPhone
		{3BECD2F0-1C1D-4564-AE05-DE6EF65250D4}.AppStore|iPhoneSimulator.ActiveCfg = AppStore|iPhoneSimulator
		{3BECD2F0-1C1D-4564-AE05-DE6EF65250D4}.AppStore|iPhoneSimulator.Build.0 = AppStore|iPhoneSimulator
		{3BECD2F0-1C1D-4564-AE05-DE6EF65250D4}.AppStore|x64.ActiveCfg = AppStore|iPhone
		{3BECD2F0-1C1D-4564-AE05-DE6EF65250D4}.AppStore|x86.ActiveCfg = AppStore|iPhone
		{3BECD2F0-1C1D-4564-AE05-DE6EF65250D4}.Debug|Any CPU.ActiveCfg = Debug|iPhone
		{3BECD2F0-1C1D-4564-AE05-DE6EF65250D4}.Debug|ARM.ActiveCfg = Debug|iPhone
		{3BECD2F0-1C1D-4564-AE05-DE6EF65250D4}.Debug|iPhone.ActiveCfg = Debug|iPhone
		{3BECD2F0-1C1D-4564-AE05-DE6EF65250D4}.Debug|iPhone.Build.0 = Debug|iPhone
		{3BECD2F0-1C1D-4564-AE05-DE6EF65250D4}.Debug|iPhoneSimulator.ActiveCfg = Debug|iPhoneSimulator
		{3BECD2F0-1C1D-4564-AE05-DE6EF65250D4}.Debug|iPhoneSimulator.Build.0 = Debug|iPhoneSimulator
		{3BECD2F0-1C1D-4564-AE05-DE6EF65250D4}.Debug|x64.ActiveCfg = Debug|iPhone
		{3BECD2F0-1C1D-4564-AE05-DE6EF65250D4}.Debug|x86.ActiveCfg = Debug|iPhone
		{3BECD2F0-1C1D-4564-AE05-DE6EF65250D4}.Release|Any CPU.ActiveCfg = Release|iPhone
		{3BECD2F0-1C1D-4564-AE05-DE6EF65250D4}.Release|ARM.ActiveCfg = Release|iPhone
		{3BECD2F0-1C1D-4564-AE05-DE6EF65250D4}.Release|iPhone.ActiveCfg = Release|iPhone
		{3BECD2F0-1C1D-4564-AE05-DE6EF65250D4}.Release|iPhone.Build.0 = Release|iPhone
		{3BECD2F0-1C1D-4564-AE05-DE6EF65250D4}.Release|iPhoneSimulator.ActiveCfg = Release|iPhoneSimulator
		{3BECD2F0-1C1D-4564-AE05-DE6EF65250D4}.Release|iPhoneSimulator.Build.0 = Release|iPhoneSimulator
		{3BECD2F0-1C1D-4564-AE05-DE6EF65250D4}.Release|x64.ActiveCfg = Release|iPhone
		{3BECD2F0-1C1D-4564-AE05-DE6EF65250D4}.Release|x86.ActiveCfg = Release|iPhone
		{D129B486-ECAC-40D3-8CAD-7AD38068F3E6}.Ad-Hoc|Any CPU.ActiveCfg = Release|x86
		{D129B486-ECAC-40D3-8CAD-7AD38068F3E6}.Ad-Hoc|Any CPU.Build.0 = Release|x86
		{D129B486-ECAC-40D3-8CAD-7AD38068F3E6}.Ad-Hoc|Any CPU.Deploy.0 = Release|x86
		{D129B486-ECAC-40D3-8CAD-7AD38068F3E6}.Ad-Hoc|ARM.ActiveCfg = Release|ARM
		{D129B486-ECAC-40D3-8CAD-7AD38068F3E6}.Ad-Hoc|ARM.Build.0 = Release|ARM
		{D129B486-ECAC-40D3-8CAD-7AD38068F3E6}.Ad-Hoc|ARM.Deploy.0 = Release|ARM
		{D129B486-ECAC-40D3-8CAD-7AD38068F3E6}.Ad-Hoc|iPhone.ActiveCfg = Release|x86
		{D129B486-ECAC-40D3-8CAD-7AD38068F3E6}.Ad-Hoc|iPhone.Build.0 = Release|x86
		{D129B486-ECAC-40D3-8CAD-7AD38068F3E6}.Ad-Hoc|iPhone.Deploy.0 = Release|x86
		{D129B486-ECAC-40D3-8CAD-7AD38068F3E6}.Ad-Hoc|iPhoneSimulator.ActiveCfg = Release|x86
		{D129B486-ECAC-40D3-8CAD-7AD38068F3E6}.Ad-Hoc|iPhoneSimulator.Build.0 = Release|x86
		{D129B486-ECAC-40D3-8CAD-7AD38068F3E6}.Ad-Hoc|iPhoneSimulator.Deploy.0 = Release|x86
		{D129B486-ECAC-40D3-8CAD-7AD38068F3E6}.Ad-Hoc|x64.ActiveCfg = Release|x64
		{D129B486-ECAC-40D3-8CAD-7AD38068F3E6}.Ad-Hoc|x64.Build.0 = Release|x64
		{D129B486-ECAC-40D3-8CAD-7AD38068F3E6}.Ad-Hoc|x64.Deploy.0 = Release|x64
		{D129B486-ECAC-40D3-8CAD-7AD38068F3E6}.Ad-Hoc|x86.ActiveCfg = Release|x86
		{D129B486-ECAC-40D3-8CAD-7AD38068F3E6}.Ad-Hoc|x86.Build.0 = Release|x86
		{D129B486-ECAC-40D3-8CAD-7AD38068F3E6}.Ad-Hoc|x86.Deploy.0 = Release|x86
		{D129B486-ECAC-40D3-8CAD-7AD38068F3E6}.AppStore|Any CPU.ActiveCfg = Release|x86
		{D129B486-ECAC-40D3-8CAD-7AD38068F3E6}.AppStore|Any CPU.Build.0 = Release|x86
		{D129B486-ECAC-40D3-8CAD-7AD38068F3E6}.AppStore|Any CPU.Deploy.0 = Release|x86
		{D129B486-ECAC-40D3-8CAD-7AD38068F3E6}.AppStore|ARM.ActiveCfg = Release|ARM
		{D129B486-ECAC-40D3-8CAD-7AD38068F3E6}.AppStore|ARM.Build.0 = Release|ARM
		{D129B486-ECAC-40D3-8CAD-7AD38068F3E6}.AppStore|ARM.Deploy.0 = Release|ARM
		{D129B486-ECAC-40D3-8CAD-7AD38068F3E6}.AppStore|iPhone.ActiveCfg = Release|x86
		{D129B486-ECAC-40D3-8CAD-7AD38068F3E6}.AppStore|iPhone.Build.0 = Release|x86
		{D129B486-ECAC-40D3-8CAD-7AD38068F3E6}.AppStore|iPhone.Deploy.0 = Release|x86
		{D129B486-ECAC-40D3-8CAD-7AD38068F3E6}.AppStore|iPhoneSimulator.ActiveCfg = Release|x86
		{D129B486-ECAC-40D3-8CAD-7AD38068F3E6}.AppStore|iPhoneSimulator.Build.0 = Release|x86
		{D129B486-ECAC-40D3-8CAD-7AD38068F3E6}.AppStore|iPhoneSimulator.Deploy.0 = Release|x86
		{D129B486-ECAC-40D3-8CAD-7AD38068F3E6}.AppStore|x64.ActiveCfg = Release|x64
		{D129B486-ECAC-40D3-8CAD-7AD38068F3E6}.AppStore|x64.Build.0 = Release|x64
		{D129B486-ECAC-40D3-8CAD-7AD38068F3E6}.AppStore|x64.Deploy.0 = Release|x64
		{D129B486-ECAC-40D3-8CAD-7AD38068F3E6}.AppStore|x86.ActiveCfg = Release|x86
		{D129B486-ECAC-40D3-8CAD-7AD38068F3E6}.AppStore|x86.Build.0 = Release|x86
		{D129B486-ECAC-40D3-8CAD-7AD38068F3E6}.AppStore|x86.Deploy.0 = Release|x86
		{D129B486-ECAC-40D3-8CAD-7AD38068F3E6}.Debug|Any CPU.ActiveCfg = Debug|x86
		{D129B486-ECAC-40D3-8CAD-7AD38068F3E6}.Debug|ARM.ActiveCfg = Debug|ARM
		{D129B486-ECAC-40D3-8CAD-7AD38068F3E6}.Debug|ARM.Build.0 = Debug|ARM
		{D129B486-ECAC-40D3-8CAD-7AD38068F3E6}.Debug|ARM.Deploy.0 = Debug|ARM
		{D129B486-ECAC-40D3-8CAD-7AD38068F3E6}.Debug|iPhone.ActiveCfg = Debug|x86
		{D129B486-ECAC-40D3-8CAD-7AD38068F3E6}.Debug|iPhoneSimulator.ActiveCfg = Debug|x86
		{D129B486-ECAC-40D3-8CAD-7AD38068F3E6}.Debug|x64.ActiveCfg = Debug|x64
		{D129B486-ECAC-40D3-8CAD-7AD38068F3E6}.Debug|x64.Build.0 = Debug|x64
		{D129B486-ECAC-40D3-8CAD-7AD38068F3E6}.Debug|x64.Deploy.0 = Debug|x64
		{D129B486-ECAC-40D3-8CAD-7AD38068F3E6}.Debug|x86.ActiveCfg = Debug|x86
		{D129B486-ECAC-40D3-8CAD-7AD38068F3E6}.Debug|x86.Build.0 = Debug|x86
		{D129B486-ECAC-40D3-8CAD-7AD38068F3E6}.Debug|x86.Deploy.0 = Debug|x86
		{D129B486-ECAC-40D3-8CAD-7AD38068F3E6}.Release|Any CPU.ActiveCfg = Release|x86
		{D129B486-ECAC-40D3-8CAD-7AD38068F3E6}.Release|ARM.ActiveCfg = Release|ARM
		{D129B486-ECAC-40D3-8CAD-7AD38068F3E6}.Release|ARM.Build.0 = Release|ARM
		{D129B486-ECAC-40D3-8CAD-7AD38068F3E6}.Release|ARM.Deploy.0 = Release|ARM
		{D129B486-ECAC-40D3-8CAD-7AD38068F3E6}.Release|iPhone.ActiveCfg = Release|x86
		{D129B486-ECAC-40D3-8CAD-7AD38068F3E6}.Release|iPhoneSimulator.ActiveCfg = Release|x86
		{D129B486-ECAC-40D3-8CAD-7AD38068F3E6}.Release|x64.ActiveCfg = Release|x64
		{D129B486-ECAC-40D3-8CAD-7AD38068F3E6}.Release|x64.Build.0 = Release|x64
		{D129B486-ECAC-40D3-8CAD-7AD38068F3E6}.Release|x64.Deploy.0 = Release|x64
		{D129B486-ECAC-40D3-8CAD-7AD38068F3E6}.Release|x86.ActiveCfg = Release|x86
		{D129B486-ECAC-40D3-8CAD-7AD38068F3E6}.Release|x86.Build.0 = Release|x86
		{D129B486-ECAC-40D3-8CAD-7AD38068F3E6}.Release|x86.Deploy.0 = Release|x86
		{1C7A9914-8CDC-4075-9422-37BD0E51C076}.Ad-Hoc|Any CPU.ActiveCfg = Release|Any CPU
		{1C7A9914-8CDC-4075-9422-37BD0E51C076}.Ad-Hoc|Any CPU.Build.0 = Release|Any CPU
		{1C7A9914-8CDC-4075-9422-37BD0E51C076}.Ad-Hoc|ARM.ActiveCfg = Release|Any CPU
		{1C7A9914-8CDC-4075-9422-37BD0E51C076}.Ad-Hoc|ARM.Build.0 = Release|Any CPU
		{1C7A9914-8CDC-4075-9422-37BD0E51C076}.Ad-Hoc|iPhone.ActiveCfg = Release|Any CPU
		{1C7A9914-8CDC-4075-9422-37BD0E51C076}.Ad-Hoc|iPhone.Build.0 = Release|Any CPU
		{1C7A9914-8CDC-4075-9422-37BD0E51C076}.Ad-Hoc|iPhoneSimulator.ActiveCfg = Release|Any CPU
		{1C7A9914-8CDC-4075-9422-37BD0E51C076}.Ad-Hoc|iPhoneSimulator.Build.0 = Release|Any CPU
		{1C7A9914-8CDC-4075-9422-37BD0E51C076}.Ad-Hoc|x64.ActiveCfg = Release|Any CPU
		{1C7A9914-8CDC-4075-9422-37BD0E51C076}.Ad-Hoc|x64.Build.0 = Release|Any CPU
		{1C7A9914-8CDC-4075-9422-37BD0E51C076}.Ad-Hoc|x86.ActiveCfg = Release|Any CPU
		{1C7A9914-8CDC-4075-9422-37BD0E51C076}.Ad-Hoc|x86.Build.0 = Release|Any CPU
		{1C7A9914-8CDC-4075-9422-37BD0E51C076}.AppStore|Any CPU.ActiveCfg = Release|Any CPU
		{1C7A9914-8CDC-4075-9422-37BD0E51C076}.AppStore|Any CPU.Build.0 = Release|Any CPU
		{1C7A9914-8CDC-4075-9422-37BD0E51C076}.AppStore|ARM.ActiveCfg = Release|Any CPU
		{1C7A9914-8CDC-4075-9422-37BD0E51C076}.AppStore|ARM.Build.0 = Release|Any CPU
		{1C7A9914-8CDC-4075-9422-37BD0E51C076}.AppStore|iPhone.ActiveCfg = Release|Any CPU
		{1C7A9914-8CDC-4075-9422-37BD0E51C076}.AppStore|iPhone.Build.0 = Release|Any CPU
		{1C7A9914-8CDC-4075-9422-37BD0E51C076}.AppStore|iPhoneSimulator.ActiveCfg = Release|Any CPU
		{1C7A9914-8CDC-4075-9422-37BD0E51C076}.AppStore|iPhoneSimulator.Build.0 = Release|Any CPU
		{1C7A9914-8CDC-4075-9422-37BD0E51C076}.AppStore|x64.ActiveCfg = Release|Any CPU
		{1C7A9914-8CDC-4075-9422-37BD0E51C076}.AppStore|x64.Build.0 = Release|Any CPU
		{1C7A9914-8CDC-4075-9422-37BD0E51C076}.AppStore|x86.ActiveCfg = Release|Any CPU
		{1C7A9914-8CDC-4075-9422-37BD0E51C076}.AppStore|x86.Build.0 = Release|Any CPU
		{1C7A9914-8CDC-4075-9422-37BD0E51C076}.Debug|Any CPU.ActiveCfg = Debug|Any CPU
		{1C7A9914-8CDC-4075-9422-37BD0E51C076}.Debug|Any CPU.Build.0 = Debug|Any CPU
		{1C7A9914-8CDC-4075-9422-37BD0E51C076}.Debug|ARM.ActiveCfg = Debug|Any CPU
		{1C7A9914-8CDC-4075-9422-37BD0E51C076}.Debug|ARM.Build.0 = Debug|Any CPU
		{1C7A9914-8CDC-4075-9422-37BD0E51C076}.Debug|iPhone.ActiveCfg = Debug|Any CPU
		{1C7A9914-8CDC-4075-9422-37BD0E51C076}.Debug|iPhone.Build.0 = Debug|Any CPU
		{1C7A9914-8CDC-4075-9422-37BD0E51C076}.Debug|iPhoneSimulator.ActiveCfg = Debug|Any CPU
		{1C7A9914-8CDC-4075-9422-37BD0E51C076}.Debug|iPhoneSimulator.Build.0 = Debug|Any CPU
		{1C7A9914-8CDC-4075-9422-37BD0E51C076}.Debug|x64.ActiveCfg = Debug|Any CPU
		{1C7A9914-8CDC-4075-9422-37BD0E51C076}.Debug|x64.Build.0 = Debug|Any CPU
		{1C7A9914-8CDC-4075-9422-37BD0E51C076}.Debug|x86.ActiveCfg = Debug|Any CPU
		{1C7A9914-8CDC-4075-9422-37BD0E51C076}.Debug|x86.Build.0 = Debug|Any CPU
		{1C7A9914-8CDC-4075-9422-37BD0E51C076}.Release|Any CPU.ActiveCfg = Release|Any CPU
		{1C7A9914-8CDC-4075-9422-37BD0E51C076}.Release|Any CPU.Build.0 = Release|Any CPU
		{1C7A9914-8CDC-4075-9422-37BD0E51C076}.Release|ARM.ActiveCfg = Release|Any CPU
		{1C7A9914-8CDC-4075-9422-37BD0E51C076}.Release|ARM.Build.0 = Release|Any CPU
		{1C7A9914-8CDC-4075-9422-37BD0E51C076}.Release|iPhone.ActiveCfg = Release|Any CPU
		{1C7A9914-8CDC-4075-9422-37BD0E51C076}.Release|iPhone.Build.0 = Release|Any CPU
		{1C7A9914-8CDC-4075-9422-37BD0E51C076}.Release|iPhoneSimulator.ActiveCfg = Release|Any CPU
		{1C7A9914-8CDC-4075-9422-37BD0E51C076}.Release|iPhoneSimulator.Build.0 = Release|Any CPU
		{1C7A9914-8CDC-4075-9422-37BD0E51C076}.Release|x64.ActiveCfg = Release|Any CPU
		{1C7A9914-8CDC-4075-9422-37BD0E51C076}.Release|x64.Build.0 = Release|Any CPU
		{1C7A9914-8CDC-4075-9422-37BD0E51C076}.Release|x86.ActiveCfg = Release|Any CPU
		{1C7A9914-8CDC-4075-9422-37BD0E51C076}.Release|x86.Build.0 = Release|Any CPU
		{67F9D3A8-F71E-4428-913F-C37AE82CDB24}.Ad-Hoc|Any CPU.ActiveCfg = Release|Any CPU
		{67F9D3A8-F71E-4428-913F-C37AE82CDB24}.Ad-Hoc|Any CPU.Build.0 = Release|Any CPU
		{67F9D3A8-F71E-4428-913F-C37AE82CDB24}.Ad-Hoc|ARM.ActiveCfg = Release|Any CPU
		{67F9D3A8-F71E-4428-913F-C37AE82CDB24}.Ad-Hoc|ARM.Build.0 = Release|Any CPU
		{67F9D3A8-F71E-4428-913F-C37AE82CDB24}.Ad-Hoc|iPhone.ActiveCfg = Release|Any CPU
		{67F9D3A8-F71E-4428-913F-C37AE82CDB24}.Ad-Hoc|iPhone.Build.0 = Release|Any CPU
		{67F9D3A8-F71E-4428-913F-C37AE82CDB24}.Ad-Hoc|iPhoneSimulator.ActiveCfg = Release|Any CPU
		{67F9D3A8-F71E-4428-913F-C37AE82CDB24}.Ad-Hoc|iPhoneSimulator.Build.0 = Release|Any CPU
		{67F9D3A8-F71E-4428-913F-C37AE82CDB24}.Ad-Hoc|x64.ActiveCfg = Release|Any CPU
		{67F9D3A8-F71E-4428-913F-C37AE82CDB24}.Ad-Hoc|x64.Build.0 = Release|Any CPU
		{67F9D3A8-F71E-4428-913F-C37AE82CDB24}.Ad-Hoc|x86.ActiveCfg = Release|Any CPU
		{67F9D3A8-F71E-4428-913F-C37AE82CDB24}.Ad-Hoc|x86.Build.0 = Release|Any CPU
		{67F9D3A8-F71E-4428-913F-C37AE82CDB24}.AppStore|Any CPU.ActiveCfg = Release|Any CPU
		{67F9D3A8-F71E-4428-913F-C37AE82CDB24}.AppStore|Any CPU.Build.0 = Release|Any CPU
		{67F9D3A8-F71E-4428-913F-C37AE82CDB24}.AppStore|ARM.ActiveCfg = Release|Any CPU
		{67F9D3A8-F71E-4428-913F-C37AE82CDB24}.AppStore|ARM.Build.0 = Release|Any CPU
		{67F9D3A8-F71E-4428-913F-C37AE82CDB24}.AppStore|iPhone.ActiveCfg = Release|Any CPU
		{67F9D3A8-F71E-4428-913F-C37AE82CDB24}.AppStore|iPhone.Build.0 = Release|Any CPU
		{67F9D3A8-F71E-4428-913F-C37AE82CDB24}.AppStore|iPhoneSimulator.ActiveCfg = Release|Any CPU
		{67F9D3A8-F71E-4428-913F-C37AE82CDB24}.AppStore|iPhoneSimulator.Build.0 = Release|Any CPU
		{67F9D3A8-F71E-4428-913F-C37AE82CDB24}.AppStore|x64.ActiveCfg = Release|Any CPU
		{67F9D3A8-F71E-4428-913F-C37AE82CDB24}.AppStore|x64.Build.0 = Release|Any CPU
		{67F9D3A8-F71E-4428-913F-C37AE82CDB24}.AppStore|x86.ActiveCfg = Release|Any CPU
		{67F9D3A8-F71E-4428-913F-C37AE82CDB24}.AppStore|x86.Build.0 = Release|Any CPU
		{67F9D3A8-F71E-4428-913F-C37AE82CDB24}.Debug|Any CPU.ActiveCfg = Debug|Any CPU
		{67F9D3A8-F71E-4428-913F-C37AE82CDB24}.Debug|Any CPU.Build.0 = Debug|Any CPU
		{67F9D3A8-F71E-4428-913F-C37AE82CDB24}.Debug|ARM.ActiveCfg = Debug|Any CPU
		{67F9D3A8-F71E-4428-913F-C37AE82CDB24}.Debug|ARM.Build.0 = Debug|Any CPU
		{67F9D3A8-F71E-4428-913F-C37AE82CDB24}.Debug|iPhone.ActiveCfg = Debug|Any CPU
		{67F9D3A8-F71E-4428-913F-C37AE82CDB24}.Debug|iPhone.Build.0 = Debug|Any CPU
		{67F9D3A8-F71E-4428-913F-C37AE82CDB24}.Debug|iPhoneSimulator.ActiveCfg = Debug|Any CPU
		{67F9D3A8-F71E-4428-913F-C37AE82CDB24}.Debug|iPhoneSimulator.Build.0 = Debug|Any CPU
		{67F9D3A8-F71E-4428-913F-C37AE82CDB24}.Debug|x64.ActiveCfg = Debug|Any CPU
		{67F9D3A8-F71E-4428-913F-C37AE82CDB24}.Debug|x64.Build.0 = Debug|Any CPU
		{67F9D3A8-F71E-4428-913F-C37AE82CDB24}.Debug|x86.ActiveCfg = Debug|Any CPU
		{67F9D3A8-F71E-4428-913F-C37AE82CDB24}.Debug|x86.Build.0 = Debug|Any CPU
		{67F9D3A8-F71E-4428-913F-C37AE82CDB24}.Release|Any CPU.ActiveCfg = Release|Any CPU
		{67F9D3A8-F71E-4428-913F-C37AE82CDB24}.Release|Any CPU.Build.0 = Release|Any CPU
		{67F9D3A8-F71E-4428-913F-C37AE82CDB24}.Release|ARM.ActiveCfg = Release|Any CPU
		{67F9D3A8-F71E-4428-913F-C37AE82CDB24}.Release|ARM.Build.0 = Release|Any CPU
		{67F9D3A8-F71E-4428-913F-C37AE82CDB24}.Release|iPhone.ActiveCfg = Release|Any CPU
		{67F9D3A8-F71E-4428-913F-C37AE82CDB24}.Release|iPhone.Build.0 = Release|Any CPU
		{67F9D3A8-F71E-4428-913F-C37AE82CDB24}.Release|iPhoneSimulator.ActiveCfg = Release|Any CPU
		{67F9D3A8-F71E-4428-913F-C37AE82CDB24}.Release|iPhoneSimulator.Build.0 = Release|Any CPU
		{67F9D3A8-F71E-4428-913F-C37AE82CDB24}.Release|x64.ActiveCfg = Release|Any CPU
		{67F9D3A8-F71E-4428-913F-C37AE82CDB24}.Release|x64.Build.0 = Release|Any CPU
		{67F9D3A8-F71E-4428-913F-C37AE82CDB24}.Release|x86.ActiveCfg = Release|Any CPU
		{67F9D3A8-F71E-4428-913F-C37AE82CDB24}.Release|x86.Build.0 = Release|Any CPU
	EndGlobalSection
	GlobalSection(SolutionProperties) = preSolution
		HideSolutionNode = FALSE
	EndGlobalSection
	GlobalSection(NestedProjects) = preSolution
		{266C1E17-7CBE-46A4-B378-9FD0B79FE851} = {4C4F36F8-AF85-4A54-923E-4FA9492D46DD}
		{10DE9CBB-67B2-4441-B67B-8377A4537BD0} = {4C4F36F8-AF85-4A54-923E-4FA9492D46DD}
		{1F68ACF2-E9DA-412E-89B0-969ED43DC868} = {7A3E7683-CBBA-47C1-B4FF-7A8C7BC6CDE8}
		{88F703D8-A09C-4AC1-A083-2A139A29C271} = {F4510DC7-6346-466D-ABC6-1F9F20C1BFC5}
		{CDED1987-EC9C-481A-9CFD-6D287E0A7DC4} = {EC1E2E12-C936-49D5-AC12-C7874112727D}
		{5F66FAAD-4BCD-4E9D-AA6D-A3BB330C95E0} = {7BFAE459-5262-46BF-A370-50E5A1F7B422}
		{22F20931-80D9-44A9-BD24-CD9AEE645A60} = {7BFAE459-5262-46BF-A370-50E5A1F7B422}
		{3BECD2F0-1C1D-4564-AE05-DE6EF65250D4} = {7BFAE459-5262-46BF-A370-50E5A1F7B422}
		{D129B486-ECAC-40D3-8CAD-7AD38068F3E6} = {7BFAE459-5262-46BF-A370-50E5A1F7B422}
		{1C7A9914-8CDC-4075-9422-37BD0E51C076} = {E64AE3C3-D374-40D8-BD47-DFA811437A07}
		{67F9D3A8-F71E-4428-913F-C37AE82CDB24} = {0D8F2187-D9F0-4EF8-A57D-31D2242B0634}
	EndGlobalSection
EndGlobal
